Microsoft Visual Studio Solution File, Format Version 12.00
# Visual Studio Version 16
VisualStudioVersion = 16.0.31306.274
MinimumVisualStudioVersion = 10.0.40219.1
Project("{2150E333-8FDC-42A3-9474-1A3956D46DE8}") = "src", "src", "{99F6D621-2286-4509-AAF1-E0347A5FC586}"
EndProject
Project("{9A19103F-16F7-4668-BE54-9A1E7A4F7556}") = "MyCentral.Web", "src\MyCentral.Web\MyCentral.Web.csproj", "{326B9D37-153F-4138-90C4-E4430EA18BB4}"
EndProject
Project("{9A19103F-16F7-4668-BE54-9A1E7A4F7556}") = "MyCentral.Browser", "src\MyCentral.Browser\MyCentral.Browser.csproj", "{0401C920-B0FB-476A-B7E9-BFA50E94265A}"
EndProject
Project("{9A19103F-16F7-4668-BE54-9A1E7A4F7556}") = "MyCentral.Client.Abstractions", "src\MyCentral.Client.Abstractions\MyCentral.Client.Abstractions.csproj", "{B7FA110F-D429-4327-AC63-0F23D1390F81}"
EndProject
Project("{2150E333-8FDC-42A3-9474-1A3956D46DE8}") = "Solution Items", "Solution Items", "{140F93B8-1DAF-4EC1-A84C-3D4492BD1BA9}"
	ProjectSection(SolutionItems) = preProject
		Directory.Build.props = Directory.Build.props
		Directory.Build.targets = Directory.Build.targets
		.github\workflows\dotnet.yml = .github\workflows\dotnet.yml
		global.json = global.json
	EndProjectSection
EndProject
Project("{9A19103F-16F7-4668-BE54-9A1E7A4F7556}") = "MyCentral.Client.Azure", "src\MyCentral.Client.Azure\MyCentral.Client.Azure.csproj", "{DDE33B84-0DEF-4485-B822-2AD826F2A79C}"
EndProject
Project("{9A19103F-16F7-4668-BE54-9A1E7A4F7556}") = "MyCentral.Client.SignalR", "src\MyCentral.Client.SignalR\MyCentral.Client.SignalR.csproj", "{E2E06435-0DF8-43CC-B939-8DD611DE1940}"
EndProject
Project("{9A19103F-16F7-4668-BE54-9A1E7A4F7556}") = "MyCentral.Components", "src\MyCentral.Components\MyCentral.Components.csproj", "{2B753AA3-01AB-42A7-886A-A4E94FF3EB8D}"
EndProject
Project("{9A19103F-16F7-4668-BE54-9A1E7A4F7556}") = "MyCentral.Web.SignalR", "src\MyCentral.Web.SignalR\MyCentral.Web.SignalR.csproj", "{70E1CD44-08B2-42DF-9548-0B062E20E91F}"
EndProject
Global
	GlobalSection(SolutionConfigurationPlatforms) = preSolution
		Debug|Any CPU = Debug|Any CPU
		Release|Any CPU = Release|Any CPU
	EndGlobalSection
	GlobalSection(ProjectConfigurationPlatforms) = postSolution
		{326B9D37-153F-4138-90C4-E4430EA18BB4}.Debug|Any CPU.ActiveCfg = Debug|Any CPU
		{326B9D37-153F-4138-90C4-E4430EA18BB4}.Debug|Any CPU.Build.0 = Debug|Any CPU
		{326B9D37-153F-4138-90C4-E4430EA18BB4}.Release|Any CPU.ActiveCfg = Release|Any CPU
		{326B9D37-153F-4138-90C4-E4430EA18BB4}.Release|Any CPU.Build.0 = Release|Any CPU
		{0401C920-B0FB-476A-B7E9-BFA50E94265A}.Debug|Any CPU.ActiveCfg = Debug|Any CPU
		{0401C920-B0FB-476A-B7E9-BFA50E94265A}.Debug|Any CPU.Build.0 = Debug|Any CPU
		{0401C920-B0FB-476A-B7E9-BFA50E94265A}.Release|Any CPU.ActiveCfg = Release|Any CPU
		{0401C920-B0FB-476A-B7E9-BFA50E94265A}.Release|Any CPU.Build.0 = Release|Any CPU
		{B7FA110F-D429-4327-AC63-0F23D1390F81}.Debug|Any CPU.ActiveCfg = Debug|Any CPU
		{B7FA110F-D429-4327-AC63-0F23D1390F81}.Debug|Any CPU.Build.0 = Debug|Any CPU
		{B7FA110F-D429-4327-AC63-0F23D1390F81}.Release|Any CPU.ActiveCfg = Release|Any CPU
		{B7FA110F-D429-4327-AC63-0F23D1390F81}.Release|Any CPU.Build.0 = Release|Any CPU
		{DDE33B84-0DEF-4485-B822-2AD826F2A79C}.Debug|Any CPU.ActiveCfg = Debug|Any CPU
		{DDE33B84-0DEF-4485-B822-2AD826F2A79C}.Debug|Any CPU.Build.0 = Debug|Any CPU
		{DDE33B84-0DEF-4485-B822-2AD826F2A79C}.Release|Any CPU.ActiveCfg = Release|Any CPU
		{DDE33B84-0DEF-4485-B822-2AD826F2A79C}.Release|Any CPU.Build.0 = Release|Any CPU
		{E2E06435-0DF8-43CC-B939-8DD611DE1940}.Debug|Any CPU.ActiveCfg = Debug|Any CPU
		{E2E06435-0DF8-43CC-B939-8DD611DE1940}.Debug|Any CPU.Build.0 = Debug|Any CPU
		{E2E06435-0DF8-43CC-B939-8DD611DE1940}.Release|Any CPU.ActiveCfg = Release|Any CPU
		{E2E06435-0DF8-43CC-B939-8DD611DE1940}.Release|Any CPU.Build.0 = Release|Any CPU
		{2B753AA3-01AB-42A7-886A-A4E94FF3EB8D}.Debug|Any CPU.ActiveCfg = Debug|Any CPU
		{2B753AA3-01AB-42A7-886A-A4E94FF3EB8D}.Debug|Any CPU.Build.0 = Debug|Any CPU
		{2B753AA3-01AB-42A7-886A-A4E94FF3EB8D}.Release|Any CPU.ActiveCfg = Release|Any CPU
		{2B753AA3-01AB-42A7-886A-A4E94FF3EB8D}.Release|Any CPU.Build.0 = Release|Any CPU
		{70E1CD44-08B2-42DF-9548-0B062E20E91F}.Debug|Any CPU.ActiveCfg = Debug|Any CPU
		{70E1CD44-08B2-42DF-9548-0B062E20E91F}.Debug|Any CPU.Build.0 = Debug|Any CPU
		{70E1CD44-08B2-42DF-9548-0B062E20E91F}.Release|Any CPU.ActiveCfg = Release|Any CPU
		{70E1CD44-08B2-42DF-9548-0B062E20E91F}.Release|Any CPU.Build.0 = Release|Any CPU
	EndGlobalSection
	GlobalSection(SolutionProperties) = preSolution
		HideSolutionNode = FALSE
	EndGlobalSection
	GlobalSection(NestedProjects) = preSolution
		{326B9D37-153F-4138-90C4-E4430EA18BB4} = {99F6D621-2286-4509-AAF1-E0347A5FC586}
		{0401C920-B0FB-476A-B7E9-BFA50E94265A} = {99F6D621-2286-4509-AAF1-E0347A5FC586}
		{B7FA110F-D429-4327-AC63-0F23D1390F81} = {99F6D621-2286-4509-AAF1-E0347A5FC586}
		{DDE33B84-0DEF-4485-B822-2AD826F2A79C} = {99F6D621-2286-4509-AAF1-E0347A5FC586}
		{E2E06435-0DF8-43CC-B939-8DD611DE1940} = {99F6D621-2286-4509-AAF1-E0347A5FC586}
		{2B753AA3-01AB-42A7-886A-A4E94FF3EB8D} = {99F6D621-2286-4509-AAF1-E0347A5FC586}
		{70E1CD44-08B2-42DF-9548-0B062E20E91F} = {99F6D621-2286-4509-AAF1-E0347A5FC586}
	EndGlobalSection
	GlobalSection(ExtensibilityGlobals) = postSolution
		SolutionGuid = {F06AD16E-6D8F-4DF4-9886-B90786C0C8CF}
	EndGlobalSection
EndGlobal
